
Microsoft Visual Studio Solution File, Format Version 12.00
# Visual Studio Version 17
VisualStudioVersion = 17.1.32210.238
MinimumVisualStudioVersion = 10.0.40219.1
Project("{FAE04EC0-301F-11D3-BF4B-00C04F79EFBC}") = "Car_showroom", "Car_showroom.csproj", "{07D29E18-FCB8-4754-87B2-812E0B701EFD}"
EndProject
Global
	GlobalSection(SolutionConfigurationPlatforms) = preSolution
		Debug|Any CPU = Debug|Any CPU
		Release|Any CPU = Release|Any CPU
	EndGlobalSection
	GlobalSection(ProjectConfigurationPlatforms) = postSolution
		{07D29E18-FCB8-4754-87B2-812E0B701EFD}.Debug|Any CPU.ActiveCfg = Debug|Any CPU
		{07D29E18-FCB8-4754-87B2-812E0B701EFD}.Debug|Any CPU.Build.0 = Debug|Any CPU
		{07D29E18-FCB8-4754-87B2-812E0B701EFD}.Release|Any CPU.ActiveCfg = Release|Any CPU
		{07D29E18-FCB8-4754-87B2-812E0B701EFD}.Release|Any CPU.Build.0 = Release|Any CPU
	EndGlobalSection
	GlobalSection(SolutionProperties) = preSolution
		HideSolutionNode = FALSE
	EndGlobalSection
	GlobalSection(ExtensibilityGlobals) = postSolution
		SolutionGuid = {ACD2C655-E20F-4003-8559-083822098DB0}
	EndGlobalSection
EndGlobal
